// !$*UTF8*$!
{
	archiveVersion = 1;
	classes = {
	};
	objectVersion = 50;
	objects = {

/* Begin PBXBuildFile section */
		CE7FE68A247CEA0300F148D8 /* AgeOfEmpiresService.swift in Sources */ = {isa = PBXBuildFile; fileRef = CE7FE689247CEA0300F148D8 /* AgeOfEmpiresService.swift */; };
		CE950EC5247BBC900085ADC9 /* AppDelegate.swift in Sources */ = {isa = PBXBuildFile; fileRef = CE950EC4247BBC900085ADC9 /* AppDelegate.swift */; };
		CE950ECA247BBC900085ADC9 /* Main.storyboard in Resources */ = {isa = PBXBuildFile; fileRef = CE950EC8247BBC900085ADC9 /* Main.storyboard */; };
		CE950ECC247BBC930085ADC9 /* Assets.xcassets in Resources */ = {isa = PBXBuildFile; fileRef = CE950ECB247BBC930085ADC9 /* Assets.xcassets */; };
		CE950ECF247BBC930085ADC9 /* LaunchScreen.storyboard in Resources */ = {isa = PBXBuildFile; fileRef = CE950ECD247BBC930085ADC9 /* LaunchScreen.storyboard */; };
		CE950EDA247BBDC40085ADC9 /* TableVC.swift in Sources */ = {isa = PBXBuildFile; fileRef = CE950ED9247BBDC40085ADC9 /* TableVC.swift */; };
		CE950EDC247BC0CA0085ADC9 /* civilizations.json in Resources */ = {isa = PBXBuildFile; fileRef = CE950EDB247BC0CA0085ADC9 /* civilizations.json */; };
		CE950EDE247BC1A50085ADC9 /* Сivilization.swift in Sources */ = {isa = PBXBuildFile; fileRef = CE950EDD247BC1A50085ADC9 /* Сivilization.swift */; };
		CE950EE4247BCF7A0085ADC9 /* CivilizationCell.swift in Sources */ = {isa = PBXBuildFile; fileRef = CE950EE3247BCF7A0085ADC9 /* CivilizationCell.swift */; };
		CE950EE6247BD6FB0085ADC9 /* DetailVC.swift in Sources */ = {isa = PBXBuildFile; fileRef = CE950EE5247BD6FB0085ADC9 /* DetailVC.swift */; };
/* End PBXBuildFile section */

/* Begin PBXFileReference section */
		CE7FE689247CEA0300F148D8 /* AgeOfEmpiresService.swift */ = {isa = PBXFileReference; lastKnownFileType = sourcecode.swift; path = AgeOfEmpiresService.swift; sourceTree = "<group>"; };
		CE950EC1247BBC900085ADC9 /* AgeOfEmpiresInfo.app */ = {isa = PBXFileReference; explicitFileType = wrapper.application; includeInIndex = 0; path = AgeOfEmpiresInfo.app; sourceTree = BUILT_PRODUCTS_DIR; };
		CE950EC4247BBC900085ADC9 /* AppDelegate.swift */ = {isa = PBXFileReference; lastKnownFileType = sourcecode.swift; path = AppDelegate.swift; sourceTree = "<group>"; };
		CE950EC9247BBC900085ADC9 /* Base */ = {isa = PBXFileReference; lastKnownFileType = file.storyboard; name = Base; path = Base.lproj/Main.storyboard; sourceTree = "<group>"; };
		CE950ECB247BBC930085ADC9 /* Assets.xcassets */ = {isa = PBXFileReference; lastKnownFileType = folder.assetcatalog; path = Assets.xcassets; sourceTree = "<group>"; };
		CE950ECE247BBC930085ADC9 /* Base */ = {isa = PBXFileReference; lastKnownFileType = file.storyboard; name = Base; path = Base.lproj/LaunchScreen.storyboard; sourceTree = "<group>"; };
		CE950ED0247BBC930085ADC9 /* Info.plist */ = {isa = PBXFileReference; lastKnownFileType = text.plist.xml; path = Info.plist; sourceTree = "<group>"; };
		CE950ED9247BBDC40085ADC9 /* TableVC.swift */ = {isa = PBXFileReference; lastKnownFileType = sourcecode.swift; path = TableVC.swift; sourceTree = "<group>"; };
		CE950EDB247BC0CA0085ADC9 /* civilizations.json */ = {isa = PBXFileReference; lastKnownFileType = text.json; path = civilizations.json; sourceTree = "<group>"; };
		CE950EDD247BC1A50085ADC9 /* Сivilization.swift */ = {isa = PBXFileReference; lastKnownFileType = sourcecode.swift; path = "Сivilization.swift"; sourceTree = "<group>"; };
		CE950EE3247BCF7A0085ADC9 /* CivilizationCell.swift */ = {isa = PBXFileReference; lastKnownFileType = sourcecode.swift; path = CivilizationCell.swift; sourceTree = "<group>"; };
		CE950EE5247BD6FB0085ADC9 /* DetailVC.swift */ = {isa = PBXFileReference; lastKnownFileType = sourcecode.swift; path = DetailVC.swift; sourceTree = "<group>"; };
/* End PBXFileReference section */

/* Begin PBXFrameworksBuildPhase section */
		CE950EBE247BBC900085ADC9 /* Frameworks */ = {
			isa = PBXFrameworksBuildPhase;
			buildActionMask = 2147483647;
			files = (
			);
			runOnlyForDeploymentPostprocessing = 0;
		};
/* End PBXFrameworksBuildPhase section */

/* Begin PBXGroup section */
		CE7FE688247CE91C00F148D8 /* Service */ = {
			isa = PBXGroup;
			children = (
				CE7FE689247CEA0300F148D8 /* AgeOfEmpiresService.swift */,
			);
			path = Service;
			sourceTree = "<group>";
		};
		CE7FE68B247CEF3F00F148D8 /* Assets */ = {
			isa = PBXGroup;
			children = (
				CE950ECB247BBC930085ADC9 /* Assets.xcassets */,
			);
			path = Assets;
			sourceTree = "<group>";
		};
		CE950EB8247BBC900085ADC9 = {
			isa = PBXGroup;
			children = (
				CE950EC3247BBC900085ADC9 /* AgeOfEmpiresInfo */,
				CE950EC2247BBC900085ADC9 /* Products */,
			);
			sourceTree = "<group>";
		};
		CE950EC2247BBC900085ADC9 /* Products */ = {
			isa = PBXGroup;
			children = (
				CE950EC1247BBC900085ADC9 /* AgeOfEmpiresInfo.app */,
			);
			name = Products;
			sourceTree = "<group>";
		};
		CE950EC3247BBC900085ADC9 /* AgeOfEmpiresInfo */ = {
			isa = PBXGroup;
			children = (
				CE7FE68B247CEF3F00F148D8 /* Assets */,
				CE7FE688247CE91C00F148D8 /* Service */,
				CE950ED8247BBD570085ADC9 /* Model */,
				CE950ED7247BBD520085ADC9 /* View */,
				CE950ED6247BBD330085ADC9 /* Controller */,
				CE950EC4247BBC900085ADC9 /* AppDelegate.swift */,
				CE950ED0247BBC930085ADC9 /* Info.plist */,
			);
			path = AgeOfEmpiresInfo;
			sourceTree = "<group>";
		};
		CE950ED6247BBD330085ADC9 /* Controller */ = {
			isa = PBXGroup;
			children = (
				CE950ED9247BBDC40085ADC9 /* TableVC.swift */,
				CE950EE3247BCF7A0085ADC9 /* CivilizationCell.swift */,
				CE950EE5247BD6FB0085ADC9 /* DetailVC.swift */,
			);
			path = Controller;
			sourceTree = "<group>";
		};
		CE950ED7247BBD520085ADC9 /* View */ = {
			isa = PBXGroup;
			children = (
				CE950EC8247BBC900085ADC9 /* Main.storyboard */,
				CE950ECD247BBC930085ADC9 /* LaunchScreen.storyboard */,
			);
			path = View;
			sourceTree = "<group>";
		};
		CE950ED8247BBD570085ADC9 /* Model */ = {
			isa = PBXGroup;
			children = (
				CE950EDB247BC0CA0085ADC9 /* civilizations.json */,
				CE950EDD247BC1A50085ADC9 /* Сivilization.swift */,
			);
			path = Model;
			sourceTree = "<group>";
		};
/* End PBXGroup section */

/* Begin PBXNativeTarget section */
		CE950EC0247BBC900085ADC9 /* AgeOfEmpiresInfo */ = {
			isa = PBXNativeTarget;
			buildConfigurationList = CE950ED3247BBC930085ADC9 /* Build configuration list for PBXNativeTarget "AgeOfEmpiresInfo" */;
			buildPhases = (
				CE950EBD247BBC900085ADC9 /* Sources */,
				CE950EBE247BBC900085ADC9 /* Frameworks */,
				CE950EBF247BBC900085ADC9 /* Resources */,
			);
			buildRules = (
			);
			dependencies = (
			);
			name = AgeOfEmpiresInfo;
			productName = AgeOfEmpiresInfo;
			productReference = CE950EC1247BBC900085ADC9 /* AgeOfEmpiresInfo.app */;
			productType = "com.apple.product-type.application";
		};
/* End PBXNativeTarget section */

/* Begin PBXProject section */
		CE950EB9247BBC900085ADC9 /* Project object */ = {
			isa = PBXProject;
			attributes = {
				LastSwiftUpdateCheck = 1010;
				LastUpgradeCheck = 1010;
				ORGANIZATIONNAME = "Artem Ulko";
				TargetAttributes = {
					CE950EC0247BBC900085ADC9 = {
						CreatedOnToolsVersion = 10.1;
					};
				};
			};
			buildConfigurationList = CE950EBC247BBC900085ADC9 /* Build configuration list for PBXProject "AgeOfEmpiresInfo" */;
			compatibilityVersion = "Xcode 9.3";
			developmentRegion = en;
			hasScannedForEncodings = 0;
			knownRegions = (
				en,
				Base,
			);
			mainGroup = CE950EB8247BBC900085ADC9;
			productRefGroup = CE950EC2247BBC900085ADC9 /* Products */;
			projectDirPath = "";
			projectRoot = "";
			targets = (
				CE950EC0247BBC900085ADC9 /* AgeOfEmpiresInfo */,
			);
		};
/* End PBXProject section */

/* Begin PBXResourcesBuildPhase section */
		CE950EBF247BBC900085ADC9 /* Resources */ = {
			isa = PBXResourcesBuildPhase;
			buildActionMask = 2147483647;
			files = (
				CE950ECF247BBC930085ADC9 /* LaunchScreen.storyboard in Resources */,
				CE950ECC247BBC930085ADC9 /* Assets.xcassets in Resources */,
				CE950EDC247BC0CA0085ADC9 /* civilizations.json in Resources */,
				CE950ECA247BBC900085ADC9 /* Main.storyboard in Resources */,
			);
			runOnlyForDeploymentPostprocessing = 0;
		};
/* End PBXResourcesBuildPhase section */

/* Begin PBXSourcesBuildPhase section */
		CE950EBD247BBC900085ADC9 /* Sources */ = {
			isa = PBXSourcesBuildPhase;
			buildActionMask = 2147483647;
			files = (
				CE950EE6247BD6FB0085ADC9 /* DetailVC.swift in Sources */,
				CE950EC5247BBC900085ADC9 /* AppDelegate.swift in Sources */,
				CE950EDE247BC1A50085ADC9 /* Сivilization.swift in Sources */,
				CE950EE4247BCF7A0085ADC9 /* CivilizationCell.swift in Sources */,
				CE7FE68A247CEA0300F148D8 /* AgeOfEmpiresService.swift in Sources */,
				CE950EDA247BBDC40085ADC9 /* TableVC.swift in Sources */,
			);
			runOnlyForDeploymentPostprocessing = 0;
		};
/* End PBXSourcesBuildPhase section */

/* Begin PBXVariantGroup section */
		CE950EC8247BBC900085ADC9 /* Main.storyboard */ = {
			isa = PBXVariantGroup;
			children = (
				CE950EC9247BBC900085ADC9 /* Base */,
			);
			name = Main.storyboard;
			sourceTree = "<group>";
		};
		CE950ECD247BBC930085ADC9 /* LaunchScreen.storyboard */ = {
			isa = PBXVariantGroup;
			children = (
				CE950ECE247BBC930085ADC9 /* Base */,
			);
			name = LaunchScreen.storyboard;
			sourceTree = "<group>";
		};
/* End PBXVariantGroup section */

/* Begin XCBuildConfiguration section */
		CE950ED1247BBC930085ADC9 /* Debug */ = {
			isa = XCBuildConfiguration;
			buildSettings = {
				ALWAYS_SEARCH_USER_PATHS = NO;
				CLANG_ANALYZER_NONNULL = YES;
				CLANG_ANALYZER_NUMBER_OBJECT_CONVERSION = YES_AGGRESSIVE;
				CLANG_CXX_LANGUAGE_STANDARD = "gnu++14";
				CLANG_CXX_LIBRARY = "libc++";
				CLANG_ENABLE_MODULES = YES;
				CLANG_ENABLE_OBJC_ARC = YES;
				CLANG_ENABLE_OBJC_WEAK = YES;
				CLANG_WARN_BLOCK_CAPTURE_AUTORELEASING = YES;
				CLANG_WARN_BOOL_CONVERSION = YES;
				CLANG_WARN_COMMA = YES;
				CLANG_WARN_CONSTANT_CONVERSION = YES;
				CLANG_WARN_DEPRECATED_OBJC_IMPLEMENTATIONS = YES;
				CLANG_WARN_DIRECT_OBJC_ISA_USAGE = YES_ERROR;
				CLANG_WARN_DOCUMENTATION_COMMENTS = YES;
				CLANG_WARN_EMPTY_BODY = YES;
				CLANG_WARN_ENUM_CONVERSION = YES;
				CLANG_WARN_INFINITE_RECURSION = YES;
				CLANG_WARN_INT_CONVERSION = YES;
				CLANG_WARN_NON_LITERAL_NULL_CONVERSION = YES;
				CLANG_WARN_OBJC_IMPLICIT_RETAIN_SELF = YES;
				CLANG_WARN_OBJC_LITERAL_CONVERSION = YES;
				CLANG_WARN_OBJC_ROOT_CLASS = YES_ERROR;
				CLANG_WARN_RANGE_LOOP_ANALYSIS = YES;
				CLANG_WARN_STRICT_PROTOTYPES = YES;
				CLANG_WARN_SUSPICIOUS_MOVE = YES;
				CLANG_WARN_UNGUARDED_AVAILABILITY = YES_AGGRESSIVE;
				CLANG_WARN_UNREACHABLE_CODE = YES;
				CLANG_WARN__DUPLICATE_METHOD_MATCH = YES;
				CODE_SIGN_IDENTITY = "iPhone Developer";
				COPY_PHASE_STRIP = NO;
				DEBUG_INFORMATION_FORMAT = dwarf;
				ENABLE_STRICT_OBJC_MSGSEND = YES;
				ENABLE_TESTABILITY = YES;
				GCC_C_LANGUAGE_STANDARD = gnu11;
				GCC_DYNAMIC_NO_PIC = NO;
				GCC_NO_COMMON_BLOCKS = YES;
				GCC_OPTIMIZATION_LEVEL = 0;
				GCC_PREPROCESSOR_DEFINITIONS = (
					"DEBUG=1",
					"$(inherited)",
				);
				GCC_WARN_64_TO_32_BIT_CONVERSION = YES;
				GCC_WARN_ABOUT_RETURN_TYPE = YES_ERROR;
				GCC_WARN_UNDECLARED_SELECTOR = YES;
				GCC_WARN_UNINITIALIZED_AUTOS = YES_AGGRESSIVE;
				GCC_WARN_UNUSED_FUNCTION = YES;
				GCC_WARN_UNUSED_VARIABLE = YES;
				IPHONEOS_DEPLOYMENT_TARGET = 12.1;
				MTL_ENABLE_DEBUG_INFO = INCLUDE_SOURCE;
				MTL_FAST_MATH = YES;
				ONLY_ACTIVE_ARCH = YES;
				SDKROOT = iphoneos;
				SWIFT_ACTIVE_COMPILATION_CONDITIONS = DEBUG;
				SWIFT_OPTIMIZATION_LEVEL = "-Onone";
			};
			name = Debug;
		};
		CE950ED2247BBC930085ADC9 /* Release */ = {
			isa = XCBuildConfiguration;
			buildSettings = {
				ALWAYS_SEARCH_USER_PATHS = NO;
				CLANG_ANALYZER_NONNULL = YES;
				CLANG_ANALYZER_NUMBER_OBJECT_CONVERSION = YES_AGGRESSIVE;
				CLANG_CXX_LANGUAGE_STANDARD = "gnu++14";
				CLANG_CXX_LIBRARY = "libc++";
				CLANG_ENABLE_MODULES = YES;
				CLANG_ENABLE_OBJC_ARC = YES;
				CLANG_ENABLE_OBJC_WEAK = YES;
				CLANG_WARN_BLOCK_CAPTURE_AUTORELEASING = YES;
				CLANG_WARN_BOOL_CONVERSION = YES;
				CLANG_WARN_COMMA = YES;
				CLANG_WARN_CONSTANT_CONVERSION = YES;
				CLANG_WARN_DEPRECATED_OBJC_IMPLEMENTATIONS = YES;
				CLANG_WARN_DIRECT_OBJC_ISA_USAGE = YES_ERROR;
				CLANG_WARN_DOCUMENTATION_COMMENTS = YES;
				CLANG_WARN_EMPTY_BODY = YES;
				CLANG_WARN_ENUM_CONVERSION = YES;
				CLANG_WARN_INFINITE_RECURSION = YES;
				CLANG_WARN_INT_CONVERSION = YES;
				CLANG_WARN_NON_LITERAL_NULL_CONVERSION = YES;
				CLANG_WARN_OBJC_IMPLICIT_RETAIN_SELF = YES;
				CLANG_WARN_OBJC_LITERAL_CONVERSION = YES;
				CLANG_WARN_OBJC_ROOT_CLASS = YES_ERROR;
				CLANG_WARN_RANGE_LOOP_ANALYSIS = YES;
				CLANG_WARN_STRICT_PROTOTYPES = YES;
				CLANG_WARN_SUSPICIOUS_MOVE = YES;
				CLANG_WARN_UNGUARDED_AVAILABILITY = YES_AGGRESSIVE;
				CLANG_WARN_UNREACHABLE_CODE = YES;
				CLANG_WARN__DUPLICATE_METHOD_MATCH = YES;
				CODE_SIGN_IDENTITY = "iPhone Developer";
				COPY_PHASE_STRIP = NO;
				DEBUG_INFORMATION_FORMAT = "dwarf-with-dsym";
				ENABLE_NS_ASSERTIONS = NO;
				ENABLE_STRICT_OBJC_MSGSEND = YES;
				GCC_C_LANGUAGE_STANDARD = gnu11;
				GCC_NO_COMMON_BLOCKS = YES;
				GCC_WARN_64_TO_32_BIT_CONVERSION = YES;
				GCC_WARN_ABOUT_RETURN_TYPE = YES_ERROR;
				GCC_WARN_UNDECLARED_SELECTOR = YES;
				GCC_WARN_UNINITIALIZED_AUTOS = YES_AGGRESSIVE;
				GCC_WARN_UNUSED_FUNCTION = YES;
				GCC_WARN_UNUSED_VARIABLE = YES;
				IPHONEOS_DEPLOYMENT_TARGET = 12.1;
				MTL_ENABLE_DEBUG_INFO = NO;
				MTL_FAST_MATH = YES;
				SDKROOT = iphoneos;
				SWIFT_COMPILATION_MODE = wholemodule;
				SWIFT_OPTIMIZATION_LEVEL = "-O";
				VALIDATE_PRODUCT = YES;
			};
			name = Release;
		};
		CE950ED4247BBC930085ADC9 /* Debug */ = {
			isa = XCBuildConfiguration;
			buildSettings = {
				ASSETCATALOG_COMPILER_APPICON_NAME = AppIcon;
				CODE_SIGN_STYLE = Automatic;
				DEVELOPMENT_TEAM = 2PQNZ2TUC3;
				INFOPLIST_FILE = AgeOfEmpiresInfo/Info.plist;
				LD_RUNPATH_SEARCH_PATHS = (
					"$(inherited)",
					"@executable_path/Frameworks",
				);
				PRODUCT_BUNDLE_IDENTIFIER = com.ulkoart.AgeOfEmpiresInfo;
				PRODUCT_NAME = "$(TARGET_NAME)";
				SWIFT_VERSION = 4.2;
				TARGETED_DEVICE_FAMILY = "1,2";
			};
			name = Debug;
		};
		CE950ED5247BBC930085ADC9 /* Release */ = {
			isa = XCBuildConfiguration;
			buildSettings = {
				ASSETCATALOG_COMPILER_APPICON_NAME = AppIcon;
				CODE_SIGN_STYLE = Automatic;
				DEVELOPMENT_TEAM = 2PQNZ2TUC3;
				INFOPLIST_FILE = AgeOfEmpiresInfo/Info.plist;
				LD_RUNPATH_SEARCH_PATHS = (
					"$(inherited)",
					"@executable_path/Frameworks",
				);
				PRODUCT_BUNDLE_IDENTIFIER = com.ulkoart.AgeOfEmpiresInfo;
				PRODUCT_NAME = "$(TARGET_NAME)";
				SWIFT_VERSION = 4.2;
				TARGETED_DEVICE_FAMILY = "1,2";
			};
			name = Release;
		};
/* End XCBuildConfiguration section */

/* Begin XCConfigurationList section */
		CE950EBC247BBC900085ADC9 /* Build configuration list for PBXProject "AgeOfEmpiresInfo" */ = {
			isa = XCConfigurationList;
			buildConfigurations = (
				CE950ED1247BBC930085ADC9 /* Debug */,
				CE950ED2247BBC930085ADC9 /* Release */,
			);
			defaultConfigurationIsVisible = 0;
			defaultConfigurationName = Release;
		};
		CE950ED3247BBC930085ADC9 /* Build configuration list for PBXNativeTarget "AgeOfEmpiresInfo" */ = {
			isa = XCConfigurationList;
			buildConfigurations = (
				CE950ED4247BBC930085ADC9 /* Debug */,
				CE950ED5247BBC930085ADC9 /* Release */,
			);
			defaultConfigurationIsVisible = 0;
			defaultConfigurationName = Release;
		};
/* End XCConfigurationList section */
	};
	rootObject = CE950EB9247BBC900085ADC9 /* Project object */;
}
